// !$*UTF8*$!
{
	archiveVersion = 1;
	classes = {
	};
	objectVersion = 55;
	objects = {

/* Begin PBXBuildFile section */
		D43E481C273A5085004031EE /* ClaudiaApp.swift in Sources */ = {isa = PBXBuildFile; fileRef = D43E481B273A5085004031EE /* ClaudiaApp.swift */; };
		D43E481E273A5085004031EE /* ContentView.swift in Sources */ = {isa = PBXBuildFile; fileRef = D43E481D273A5085004031EE /* ContentView.swift */; };
		D43E4820273A5088004031EE /* Assets.xcassets in Resources */ = {isa = PBXBuildFile; fileRef = D43E481F273A5088004031EE /* Assets.xcassets */; };
		D43E4823273A5088004031EE /* Preview Assets.xcassets in Resources */ = {isa = PBXBuildFile; fileRef = D43E4822273A5088004031EE /* Preview Assets.xcassets */; };
		D43E482B273A50F5004031EE /* ArenaScene.swift in Sources */ = {isa = PBXBuildFile; fileRef = D43E482A273A50F5004031EE /* ArenaScene.swift */; };
		D43E482D273A5215004031EE /* ArenaView.swift in Sources */ = {isa = PBXBuildFile; fileRef = D43E482C273A5215004031EE /* ArenaView.swift */; };
		D43E4831273A55D3004031EE /* Layer.swift in Sources */ = {isa = PBXBuildFile; fileRef = D43E4830273A55D3004031EE /* Layer.swift */; };
		D43E4833273A862A004031EE /* LayerView.swift in Sources */ = {isa = PBXBuildFile; fileRef = D43E4832273A862A004031EE /* LayerView.swift */; };
		D43E483A273AAB80004031EE /* GridPoint.swift in Sources */ = {isa = PBXBuildFile; fileRef = D43E4835273AAB80004031EE /* GridPoint.swift */; };
		D43E483B273AAB80004031EE /* Deque.swift in Sources */ = {isa = PBXBuildFile; fileRef = D43E4836273AAB80004031EE /* Deque.swift */; };
		D43E483C273AAB80004031EE /* Extensions.swift in Sources */ = {isa = PBXBuildFile; fileRef = D43E4837273AAB80004031EE /* Extensions.swift */; };
		D43E483D273AAB80004031EE /* Overload2D.swift in Sources */ = {isa = PBXBuildFile; fileRef = D43E4838273AAB80004031EE /* Overload2D.swift */; };
		D43E483E273AAB80004031EE /* TriangleFormulae.swift in Sources */ = {isa = PBXBuildFile; fileRef = D43E4839273AAB80004031EE /* TriangleFormulae.swift */; };
		D43E4843273AAB8B004031EE /* .overcommit.yml in Resources */ = {isa = PBXBuildFile; fileRef = D43E483F273AAB8B004031EE /* .overcommit.yml */; };
		D43E4844273AAB8B004031EE /* .swiftlint.yml in Resources */ = {isa = PBXBuildFile; fileRef = D43E4840273AAB8B004031EE /* .swiftlint.yml */; };
		D43E4845273AAB8B004031EE /* .gitignore in Resources */ = {isa = PBXBuildFile; fileRef = D43E4841273AAB8B004031EE /* .gitignore */; };
		D43E4846273AAB8B004031EE /* swiftlint.sh in Resources */ = {isa = PBXBuildFile; fileRef = D43E4842273AAB8B004031EE /* swiftlint.sh */; };
		D43E484A273AAD10004031EE /* AppSettingsView.swift in Sources */ = {isa = PBXBuildFile; fileRef = D43E4849273AAD10004031EE /* AppSettingsView.swift */; };
		D43E484D273AAD30004031EE /* SettingsToggleView.swift in Sources */ = {isa = PBXBuildFile; fileRef = D43E484B273AAD30004031EE /* SettingsToggleView.swift */; };
		D43E484E273AAD30004031EE /* SettingsSliderView.swift in Sources */ = {isa = PBXBuildFile; fileRef = D43E484C273AAD30004031EE /* SettingsSliderView.swift */; };
/* End PBXBuildFile section */

/* Begin PBXFileReference section */
		D43E4818273A5085004031EE /* Claudia.app */ = {isa = PBXFileReference; explicitFileType = wrapper.application; includeInIndex = 0; path = Claudia.app; sourceTree = BUILT_PRODUCTS_DIR; };
		D43E481B273A5085004031EE /* ClaudiaApp.swift */ = {isa = PBXFileReference; lastKnownFileType = sourcecode.swift; path = ClaudiaApp.swift; sourceTree = "<group>"; };
		D43E481D273A5085004031EE /* ContentView.swift */ = {isa = PBXFileReference; lastKnownFileType = sourcecode.swift; path = ContentView.swift; sourceTree = "<group>"; };
		D43E481F273A5088004031EE /* Assets.xcassets */ = {isa = PBXFileReference; lastKnownFileType = folder.assetcatalog; path = Assets.xcassets; sourceTree = "<group>"; };
		D43E4822273A5088004031EE /* Preview Assets.xcassets */ = {isa = PBXFileReference; lastKnownFileType = folder.assetcatalog; path = "Preview Assets.xcassets"; sourceTree = "<group>"; };
		D43E4824273A5088004031EE /* Claudia.entitlements */ = {isa = PBXFileReference; lastKnownFileType = text.plist.entitlements; path = Claudia.entitlements; sourceTree = "<group>"; };
		D43E482A273A50F5004031EE /* ArenaScene.swift */ = {isa = PBXFileReference; lastKnownFileType = sourcecode.swift; path = ArenaScene.swift; sourceTree = "<group>"; };
		D43E482C273A5215004031EE /* ArenaView.swift */ = {isa = PBXFileReference; lastKnownFileType = sourcecode.swift; path = ArenaView.swift; sourceTree = "<group>"; };
		D43E4830273A55D3004031EE /* Layer.swift */ = {isa = PBXFileReference; lastKnownFileType = sourcecode.swift; path = Layer.swift; sourceTree = "<group>"; };
		D43E4832273A862A004031EE /* LayerView.swift */ = {isa = PBXFileReference; lastKnownFileType = sourcecode.swift; path = LayerView.swift; sourceTree = "<group>"; };
		D43E4835273AAB80004031EE /* GridPoint.swift */ = {isa = PBXFileReference; fileEncoding = 4; lastKnownFileType = sourcecode.swift; path = GridPoint.swift; sourceTree = "<group>"; };
		D43E4836273AAB80004031EE /* Deque.swift */ = {isa = PBXFileReference; fileEncoding = 4; lastKnownFileType = sourcecode.swift; path = Deque.swift; sourceTree = "<group>"; };
		D43E4837273AAB80004031EE /* Extensions.swift */ = {isa = PBXFileReference; fileEncoding = 4; lastKnownFileType = sourcecode.swift; path = Extensions.swift; sourceTree = "<group>"; };
		D43E4838273AAB80004031EE /* Overload2D.swift */ = {isa = PBXFileReference; fileEncoding = 4; lastKnownFileType = sourcecode.swift; path = Overload2D.swift; sourceTree = "<group>"; };
		D43E4839273AAB80004031EE /* TriangleFormulae.swift */ = {isa = PBXFileReference; fileEncoding = 4; lastKnownFileType = sourcecode.swift; path = TriangleFormulae.swift; sourceTree = "<group>"; };
		D43E483F273AAB8B004031EE /* .overcommit.yml */ = {isa = PBXFileReference; fileEncoding = 4; lastKnownFileType = text.yaml; path = .overcommit.yml; sourceTree = "<group>"; };
		D43E4840273AAB8B004031EE /* .swiftlint.yml */ = {isa = PBXFileReference; fileEncoding = 4; lastKnownFileType = text.yaml; path = .swiftlint.yml; sourceTree = "<group>"; };
		D43E4841273AAB8B004031EE /* .gitignore */ = {isa = PBXFileReference; fileEncoding = 4; lastKnownFileType = text; path = .gitignore; sourceTree = "<group>"; };
		D43E4842273AAB8B004031EE /* swiftlint.sh */ = {isa = PBXFileReference; fileEncoding = 4; lastKnownFileType = text.script.sh; path = swiftlint.sh; sourceTree = "<group>"; };
		D43E4849273AAD10004031EE /* AppSettingsView.swift */ = {isa = PBXFileReference; fileEncoding = 4; lastKnownFileType = sourcecode.swift; path = AppSettingsView.swift; sourceTree = "<group>"; };
		D43E484B273AAD30004031EE /* SettingsToggleView.swift */ = {isa = PBXFileReference; fileEncoding = 4; lastKnownFileType = sourcecode.swift; path = SettingsToggleView.swift; sourceTree = "<group>"; };
		D43E484C273AAD30004031EE /* SettingsSliderView.swift */ = {isa = PBXFileReference; fileEncoding = 4; lastKnownFileType = sourcecode.swift; path = SettingsSliderView.swift; sourceTree = "<group>"; };
/* End PBXFileReference section */

/* Begin PBXFrameworksBuildPhase section */
		D43E4815273A5085004031EE /* Frameworks */ = {
			isa = PBXFrameworksBuildPhase;
			buildActionMask = 2147483647;
			files = (
			);
			runOnlyForDeploymentPostprocessing = 0;
		};
/* End PBXFrameworksBuildPhase section */

/* Begin PBXGroup section */
		D43E480F273A5085004031EE = {
			isa = PBXGroup;
			children = (
				D43E4841273AAB8B004031EE /* .gitignore */,
				D43E483F273AAB8B004031EE /* .overcommit.yml */,
				D43E4840273AAB8B004031EE /* .swiftlint.yml */,
				D43E4842273AAB8B004031EE /* swiftlint.sh */,
				D43E481A273A5085004031EE /* Claudia */,
				D43E4819273A5085004031EE /* Products */,
			);
			sourceTree = "<group>";
		};
		D43E4819273A5085004031EE /* Products */ = {
			isa = PBXGroup;
			children = (
				D43E4818273A5085004031EE /* Claudia.app */,
			);
			name = Products;
			sourceTree = "<group>";
		};
		D43E481A273A5085004031EE /* Claudia */ = {
			isa = PBXGroup;
			children = (
				D43E4834273AAB80004031EE /* NutsNBolts */,
				D43E4847273AABA2004031EE /* SpriteKit */,
				D43E4848273AABBA004031EE /* Views */,
				D43E481B273A5085004031EE /* ClaudiaApp.swift */,
				D43E4830273A55D3004031EE /* Layer.swift */,
				D43E481F273A5088004031EE /* Assets.xcassets */,
				D43E4824273A5088004031EE /* Claudia.entitlements */,
				D43E4821273A5088004031EE /* Preview Content */,
			);
			path = Claudia;
			sourceTree = "<group>";
		};
		D43E4821273A5088004031EE /* Preview Content */ = {
			isa = PBXGroup;
			children = (
				D43E4822273A5088004031EE /* Preview Assets.xcassets */,
			);
			path = "Preview Content";
			sourceTree = "<group>";
		};
		D43E4834273AAB80004031EE /* NutsNBolts */ = {
			isa = PBXGroup;
			children = (
				D43E4835273AAB80004031EE /* GridPoint.swift */,
				D43E4836273AAB80004031EE /* Deque.swift */,
				D43E4837273AAB80004031EE /* Extensions.swift */,
				D43E4838273AAB80004031EE /* Overload2D.swift */,
				D43E4839273AAB80004031EE /* TriangleFormulae.swift */,
			);
			path = NutsNBolts;
			sourceTree = "<group>";
		};
		D43E4847273AABA2004031EE /* SpriteKit */ = {
			isa = PBXGroup;
			children = (
				D43E482A273A50F5004031EE /* ArenaScene.swift */,
			);
			path = SpriteKit;
			sourceTree = "<group>";
		};
		D43E4848273AABBA004031EE /* Views */ = {
			isa = PBXGroup;
			children = (
				D43E4849273AAD10004031EE /* AppSettingsView.swift */,
				D43E482C273A5215004031EE /* ArenaView.swift */,
				D43E481D273A5085004031EE /* ContentView.swift */,
				D43E4832273A862A004031EE /* LayerView.swift */,
				D43E484C273AAD30004031EE /* SettingsSliderView.swift */,
				D43E484B273AAD30004031EE /* SettingsToggleView.swift */,
			);
			path = Views;
			sourceTree = "<group>";
		};
/* End PBXGroup section */

/* Begin PBXNativeTarget section */
		D43E4817273A5085004031EE /* Claudia */ = {
			isa = PBXNativeTarget;
			buildConfigurationList = D43E4827273A5088004031EE /* Build configuration list for PBXNativeTarget "Claudia" */;
			buildPhases = (
				D43E4814273A5085004031EE /* Sources */,
				D43E4815273A5085004031EE /* Frameworks */,
				D43E4816273A5085004031EE /* Resources */,
			);
			buildRules = (
			);
			dependencies = (
			);
			name = Claudia;
			productName = Claudia;
			productReference = D43E4818273A5085004031EE /* Claudia.app */;
			productType = "com.apple.product-type.application";
		};
/* End PBXNativeTarget section */

/* Begin PBXProject section */
		D43E4810273A5085004031EE /* Project object */ = {
			isa = PBXProject;
			attributes = {
				BuildIndependentTargetsInParallel = 1;
				LastSwiftUpdateCheck = 1310;
				LastUpgradeCheck = 1310;
				TargetAttributes = {
					D43E4817273A5085004031EE = {
						CreatedOnToolsVersion = 13.1;
					};
				};
			};
			buildConfigurationList = D43E4813273A5085004031EE /* Build configuration list for PBXProject "Claudia" */;
			compatibilityVersion = "Xcode 13.0";
			developmentRegion = en;
			hasScannedForEncodings = 0;
			knownRegions = (
				en,
				Base,
			);
			mainGroup = D43E480F273A5085004031EE;
			productRefGroup = D43E4819273A5085004031EE /* Products */;
			projectDirPath = "";
			projectRoot = "";
			targets = (
				D43E4817273A5085004031EE /* Claudia */,
			);
		};
/* End PBXProject section */

/* Begin PBXResourcesBuildPhase section */
		D43E4816273A5085004031EE /* Resources */ = {
			isa = PBXResourcesBuildPhase;
			buildActionMask = 2147483647;
			files = (
				D43E4845273AAB8B004031EE /* .gitignore in Resources */,
				D43E4846273AAB8B004031EE /* swiftlint.sh in Resources */,
				D43E4844273AAB8B004031EE /* .swiftlint.yml in Resources */,
				D43E4843273AAB8B004031EE /* .overcommit.yml in Resources */,
				D43E4823273A5088004031EE /* Preview Assets.xcassets in Resources */,
				D43E4820273A5088004031EE /* Assets.xcassets in Resources */,
			);
			runOnlyForDeploymentPostprocessing = 0;
		};
/* End PBXResourcesBuildPhase section */

/* Begin PBXSourcesBuildPhase section */
		D43E4814273A5085004031EE /* Sources */ = {
			isa = PBXSourcesBuildPhase;
			buildActionMask = 2147483647;
			files = (
				D43E4833273A862A004031EE /* LayerView.swift in Sources */,
				D43E484A273AAD10004031EE /* AppSettingsView.swift in Sources */,
				D43E483C273AAB80004031EE /* Extensions.swift in Sources */,
				D43E482D273A5215004031EE /* ArenaView.swift in Sources */,
				D43E483B273AAB80004031EE /* Deque.swift in Sources */,
				D43E483E273AAB80004031EE /* TriangleFormulae.swift in Sources */,
				D43E481E273A5085004031EE /* ContentView.swift in Sources */,
				D43E483D273AAB80004031EE /* Overload2D.swift in Sources */,
				D43E4831273A55D3004031EE /* Layer.swift in Sources */,
				D43E481C273A5085004031EE /* ClaudiaApp.swift in Sources */,
				D43E484D273AAD30004031EE /* SettingsToggleView.swift in Sources */,
				D43E482B273A50F5004031EE /* ArenaScene.swift in Sources */,
				D43E484E273AAD30004031EE /* SettingsSliderView.swift in Sources */,
				D43E483A273AAB80004031EE /* GridPoint.swift in Sources */,
			);
			runOnlyForDeploymentPostprocessing = 0;
		};
/* End PBXSourcesBuildPhase section */

/* Begin XCBuildConfiguration section */
		D43E4825273A5088004031EE /* Debug */ = {
			isa = XCBuildConfiguration;
			buildSettings = {
				ALWAYS_SEARCH_USER_PATHS = NO;
				CLANG_ANALYZER_NONNULL = YES;
				CLANG_ANALYZER_NUMBER_OBJECT_CONVERSION = YES_AGGRESSIVE;
				CLANG_CXX_LANGUAGE_STANDARD = "gnu++17";
				CLANG_CXX_LIBRARY = "libc++";
				CLANG_ENABLE_MODULES = YES;
				CLANG_ENABLE_OBJC_ARC = YES;
				CLANG_ENABLE_OBJC_WEAK = YES;
				CLANG_WARN_BLOCK_CAPTURE_AUTORELEASING = YES;
				CLANG_WARN_BOOL_CONVERSION = YES;
				CLANG_WARN_COMMA = YES;
				CLANG_WARN_CONSTANT_CONVERSION = YES;
				CLANG_WARN_DEPRECATED_OBJC_IMPLEMENTATIONS = YES;
				CLANG_WARN_DIRECT_OBJC_ISA_USAGE = YES_ERROR;
				CLANG_WARN_DOCUMENTATION_COMMENTS = YES;
				CLANG_WARN_EMPTY_BODY = YES;
				CLANG_WARN_ENUM_CONVERSION = YES;
				CLANG_WARN_INFINITE_RECURSION = YES;
				CLANG_WARN_INT_CONVERSION = YES;
				CLANG_WARN_NON_LITERAL_NULL_CONVERSION = YES;
				CLANG_WARN_OBJC_IMPLICIT_RETAIN_SELF = YES;
				CLANG_WARN_OBJC_LITERAL_CONVERSION = YES;
				CLANG_WARN_OBJC_ROOT_CLASS = YES_ERROR;
				CLANG_WARN_QUOTED_INCLUDE_IN_FRAMEWORK_HEADER = YES;
				CLANG_WARN_RANGE_LOOP_ANALYSIS = YES;
				CLANG_WARN_STRICT_PROTOTYPES = YES;
				CLANG_WARN_SUSPICIOUS_MOVE = YES;
				CLANG_WARN_UNGUARDED_AVAILABILITY = YES_AGGRESSIVE;
				CLANG_WARN_UNREACHABLE_CODE = YES;
				CLANG_WARN__DUPLICATE_METHOD_MATCH = YES;
				COPY_PHASE_STRIP = NO;
				DEBUG_INFORMATION_FORMAT = dwarf;
				ENABLE_STRICT_OBJC_MSGSEND = YES;
				ENABLE_TESTABILITY = YES;
				GCC_C_LANGUAGE_STANDARD = gnu11;
				GCC_DYNAMIC_NO_PIC = NO;
				GCC_NO_COMMON_BLOCKS = YES;
				GCC_OPTIMIZATION_LEVEL = 0;
				GCC_PREPROCESSOR_DEFINITIONS = (
					"DEBUG=1",
					"$(inherited)",
				);
				GCC_WARN_64_TO_32_BIT_CONVERSION = YES;
				GCC_WARN_ABOUT_RETURN_TYPE = YES_ERROR;
				GCC_WARN_UNDECLARED_SELECTOR = YES;
				GCC_WARN_UNINITIALIZED_AUTOS = YES_AGGRESSIVE;
				GCC_WARN_UNUSED_FUNCTION = YES;
				GCC_WARN_UNUSED_VARIABLE = YES;
				MACOSX_DEPLOYMENT_TARGET = 12.0;
				MTL_ENABLE_DEBUG_INFO = INCLUDE_SOURCE;
				MTL_FAST_MATH = YES;
				ONLY_ACTIVE_ARCH = YES;
				SDKROOT = macosx;
				SWIFT_ACTIVE_COMPILATION_CONDITIONS = DEBUG;
				SWIFT_OPTIMIZATION_LEVEL = "-Onone";
			};
			name = Debug;
		};
		D43E4826273A5088004031EE /* Release */ = {
			isa = XCBuildConfiguration;
			buildSettings = {
				ALWAYS_SEARCH_USER_PATHS = NO;
				CLANG_ANALYZER_NONNULL = YES;
				CLANG_ANALYZER_NUMBER_OBJECT_CONVERSION = YES_AGGRESSIVE;
				CLANG_CXX_LANGUAGE_STANDARD = "gnu++17";
				CLANG_CXX_LIBRARY = "libc++";
				CLANG_ENABLE_MODULES = YES;
				CLANG_ENABLE_OBJC_ARC = YES;
				CLANG_ENABLE_OBJC_WEAK = YES;
				CLANG_WARN_BLOCK_CAPTURE_AUTORELEASING = YES;
				CLANG_WARN_BOOL_CONVERSION = YES;
				CLANG_WARN_COMMA = YES;
				CLANG_WARN_CONSTANT_CONVERSION = YES;
				CLANG_WARN_DEPRECATED_OBJC_IMPLEMENTATIONS = YES;
				CLANG_WARN_DIRECT_OBJC_ISA_USAGE = YES_ERROR;
				CLANG_WARN_DOCUMENTATION_COMMENTS = YES;
				CLANG_WARN_EMPTY_BODY = YES;
				CLANG_WARN_ENUM_CONVERSION = YES;
				CLANG_WARN_INFINITE_RECURSION = YES;
				CLANG_WARN_INT_CONVERSION = YES;
				CLANG_WARN_NON_LITERAL_NULL_CONVERSION = YES;
				CLANG_WARN_OBJC_IMPLICIT_RETAIN_SELF = YES;
				CLANG_WARN_OBJC_LITERAL_CONVERSION = YES;
				CLANG_WARN_OBJC_ROOT_CLASS = YES_ERROR;
				CLANG_WARN_QUOTED_INCLUDE_IN_FRAMEWORK_HEADER = YES;
				CLANG_WARN_RANGE_LOOP_ANALYSIS = YES;
				CLANG_WARN_STRICT_PROTOTYPES = YES;
				CLANG_WARN_SUSPICIOUS_MOVE = YES;
				CLANG_WARN_UNGUARDED_AVAILABILITY = YES_AGGRESSIVE;
				CLANG_WARN_UNREACHABLE_CODE = YES;
				CLANG_WARN__DUPLICATE_METHOD_MATCH = YES;
				COPY_PHASE_STRIP = NO;
				DEBUG_INFORMATION_FORMAT = "dwarf-with-dsym";
				ENABLE_NS_ASSERTIONS = NO;
				ENABLE_STRICT_OBJC_MSGSEND = YES;
				GCC_C_LANGUAGE_STANDARD = gnu11;
				GCC_NO_COMMON_BLOCKS = YES;
				GCC_WARN_64_TO_32_BIT_CONVERSION = YES;
				GCC_WARN_ABOUT_RETURN_TYPE = YES_ERROR;
				GCC_WARN_UNDECLARED_SELECTOR = YES;
				GCC_WARN_UNINITIALIZED_AUTOS = YES_AGGRESSIVE;
				GCC_WARN_UNUSED_FUNCTION = YES;
				GCC_WARN_UNUSED_VARIABLE = YES;
				MACOSX_DEPLOYMENT_TARGET = 12.0;
				MTL_ENABLE_DEBUG_INFO = NO;
				MTL_FAST_MATH = YES;
				SDKROOT = macosx;
				SWIFT_COMPILATION_MODE = wholemodule;
				SWIFT_OPTIMIZATION_LEVEL = "-O";
			};
			name = Release;
		};
		D43E4828273A5088004031EE /* Debug */ = {
			isa = XCBuildConfiguration;
			buildSettings = {
				ASSETCATALOG_COMPILER_APPICON_NAME = AppIcon;
				ASSETCATALOG_COMPILER_GLOBAL_ACCENT_COLOR_NAME = AccentColor;
				CODE_SIGN_ENTITLEMENTS = Claudia/Claudia.entitlements;
				CODE_SIGN_IDENTITY = "-";
				CODE_SIGN_STYLE = Automatic;
				COMBINE_HIDPI_IMAGES = YES;
				CURRENT_PROJECT_VERSION = 1;
				DEVELOPMENT_ASSET_PATHS = "\"Claudia/Preview Content\"";
				DEVELOPMENT_TEAM = DD983V4X84;
				ENABLE_HARDENED_RUNTIME = YES;
				ENABLE_PREVIEWS = YES;
				GENERATE_INFOPLIST_FILE = YES;
				INFOPLIST_KEY_NSHumanReadableCopyright = "";
				LD_RUNPATH_SEARCH_PATHS = (
					"$(inherited)",
					"@executable_path/../Frameworks",
				);
				MARKETING_VERSION = 1.0;
				PRODUCT_BUNDLE_IDENTIFIER = com.boringsoftware.Claudia;
				PRODUCT_NAME = "$(TARGET_NAME)";
				SWIFT_EMIT_LOC_STRINGS = YES;
				SWIFT_VERSION = 5.0;
			};
			name = Debug;
		};
		D43E4829273A5088004031EE /* Release */ = {
			isa = XCBuildConfiguration;
			buildSettings = {
				ASSETCATALOG_COMPILER_APPICON_NAME = AppIcon;
				ASSETCATALOG_COMPILER_GLOBAL_ACCENT_COLOR_NAME = AccentColor;
				CODE_SIGN_ENTITLEMENTS = Claudia/Claudia.entitlements;
				CODE_SIGN_IDENTITY = "-";
				CODE_SIGN_STYLE = Automatic;
				COMBINE_HIDPI_IMAGES = YES;
				CURRENT_PROJECT_VERSION = 1;
				DEVELOPMENT_ASSET_PATHS = "\"Claudia/Preview Content\"";
				DEVELOPMENT_TEAM = DD983V4X84;
				ENABLE_HARDENED_RUNTIME = YES;
				ENABLE_PREVIEWS = YES;
				GENERATE_INFOPLIST_FILE = YES;
				INFOPLIST_KEY_NSHumanReadableCopyright = "";
				LD_RUNPATH_SEARCH_PATHS = (
					"$(inherited)",
					"@executable_path/../Frameworks",
				);
				MARKETING_VERSION = 1.0;
				PRODUCT_BUNDLE_IDENTIFIER = com.boringsoftware.Claudia;
				PRODUCT_NAME = "$(TARGET_NAME)";
				SWIFT_EMIT_LOC_STRINGS = YES;
				SWIFT_VERSION = 5.0;
			};
			name = Release;
		};
/* End XCBuildConfiguration section */

/* Begin XCConfigurationList section */
		D43E4813273A5085004031EE /* Build configuration list for PBXProject "Claudia" */ = {
			isa = XCConfigurationList;
			buildConfigurations = (
				D43E4825273A5088004031EE /* Debug */,
				D43E4826273A5088004031EE /* Release */,
			);
			defaultConfigurationIsVisible = 0;
			defaultConfigurationName = Release;
		};
		D43E4827273A5088004031EE /* Build configuration list for PBXNativeTarget "Claudia" */ = {
			isa = XCConfigurationList;
			buildConfigurations = (
				D43E4828273A5088004031EE /* Debug */,
				D43E4829273A5088004031EE /* Release */,
			);
			defaultConfigurationIsVisible = 0;
			defaultConfigurationName = Release;
		};
/* End XCConfigurationList section */
	};
	rootObject = D43E4810273A5085004031EE /* Project object */;
}
